
Microsoft Visual Studio Solution File, Format Version 12.00
# Visual Studio Version 16
VisualStudioVersion = 16.0.29613.14
MinimumVisualStudioVersion = 10.0.40219.1
Project("{FAE04EC0-301F-11D3-BF4B-00C04F79EFBC}") = "MarsRoverImages", "MarsRoverImages.csproj", "{00C5C6FE-444F-45D0-8D24-E32BF70A768A}"
EndProject
Global
	GlobalSection(SolutionConfigurationPlatforms) = preSolution
		Debug|Any CPU = Debug|Any CPU
		Release|Any CPU = Release|Any CPU
	EndGlobalSection
	GlobalSection(ProjectConfigurationPlatforms) = postSolution
		{00C5C6FE-444F-45D0-8D24-E32BF70A768A}.Debug|Any CPU.ActiveCfg = Debug|Any CPU
		{00C5C6FE-444F-45D0-8D24-E32BF70A768A}.Debug|Any CPU.Build.0 = Debug|Any CPU
		{00C5C6FE-444F-45D0-8D24-E32BF70A768A}.Release|Any CPU.ActiveCfg = Release|Any CPU
		{00C5C6FE-444F-45D0-8D24-E32BF70A768A}.Release|Any CPU.Build.0 = Release|Any CPU
	EndGlobalSection
	GlobalSection(SolutionProperties) = preSolution
		HideSolutionNode = FALSE
	EndGlobalSection
	GlobalSection(ExtensibilityGlobals) = postSolution
		SolutionGuid = {46E2A1AF-0746-49ED-AAE5-6212E4F3ED8B}
	EndGlobalSection
EndGlobal
